// !$*UTF8*$!
{
	archiveVersion = 1;
	classes = {
	};
	objectVersion = 50;
	objects = {

/* Begin PBXBuildFile section */
		566AF06422A6FF72003DE1CF /* AppDelegate.swift in Sources */ = {isa = PBXBuildFile; fileRef = 566AF06322A6FF72003DE1CF /* AppDelegate.swift */; };
		566AF06922A6FF72003DE1CF /* Main.storyboard in Resources */ = {isa = PBXBuildFile; fileRef = 566AF06722A6FF72003DE1CF /* Main.storyboard */; };
		566AF06B22A6FF73003DE1CF /* Assets.xcassets in Resources */ = {isa = PBXBuildFile; fileRef = 566AF06A22A6FF73003DE1CF /* Assets.xcassets */; };
		566AF06E22A6FF73003DE1CF /* LaunchScreen.storyboard in Resources */ = {isa = PBXBuildFile; fileRef = 566AF06C22A6FF73003DE1CF /* LaunchScreen.storyboard */; };
		566AF07822A6FF81003DE1CF /* CloudKit.framework in Frameworks */ = {isa = PBXBuildFile; fileRef = 566AF07722A6FF81003DE1CF /* CloudKit.framework */; };
/* End PBXBuildFile section */

/* Begin PBXFileReference section */
		566AF06022A6FF72003DE1CF /* CKContinuum.app */ = {isa = PBXFileReference; explicitFileType = wrapper.application; includeInIndex = 0; path = CKContinuum.app; sourceTree = BUILT_PRODUCTS_DIR; };
		566AF06322A6FF72003DE1CF /* AppDelegate.swift */ = {isa = PBXFileReference; lastKnownFileType = sourcecode.swift; path = AppDelegate.swift; sourceTree = "<group>"; };
		566AF06822A6FF72003DE1CF /* Base */ = {isa = PBXFileReference; lastKnownFileType = file.storyboard; name = Base; path = Base.lproj/Main.storyboard; sourceTree = "<group>"; };
		566AF06A22A6FF73003DE1CF /* Assets.xcassets */ = {isa = PBXFileReference; lastKnownFileType = folder.assetcatalog; path = Assets.xcassets; sourceTree = "<group>"; };
		566AF06D22A6FF73003DE1CF /* Base */ = {isa = PBXFileReference; lastKnownFileType = file.storyboard; name = Base; path = Base.lproj/LaunchScreen.storyboard; sourceTree = "<group>"; };
		566AF06F22A6FF73003DE1CF /* Info.plist */ = {isa = PBXFileReference; lastKnownFileType = text.plist.xml; path = Info.plist; sourceTree = "<group>"; };
		566AF07522A6FF7F003DE1CF /* CKContinuum.entitlements */ = {isa = PBXFileReference; lastKnownFileType = text.plist.entitlements; path = CKContinuum.entitlements; sourceTree = "<group>"; };
		566AF07722A6FF81003DE1CF /* CloudKit.framework */ = {isa = PBXFileReference; lastKnownFileType = wrapper.framework; name = CloudKit.framework; path = System/Library/Frameworks/CloudKit.framework; sourceTree = SDKROOT; };
/* End PBXFileReference section */

/* Begin PBXFrameworksBuildPhase section */
		566AF05D22A6FF72003DE1CF /* Frameworks */ = {
			isa = PBXFrameworksBuildPhase;
			buildActionMask = 2147483647;
			files = (
				566AF07822A6FF81003DE1CF /* CloudKit.framework in Frameworks */,
			);
			runOnlyForDeploymentPostprocessing = 0;
		};
/* End PBXFrameworksBuildPhase section */

/* Begin PBXGroup section */
		566AF05722A6FF72003DE1CF = {
			isa = PBXGroup;
			children = (
				566AF06222A6FF72003DE1CF /* CKContinuum */,
				566AF06122A6FF72003DE1CF /* Products */,
				566AF07622A6FF81003DE1CF /* Frameworks */,
			);
			sourceTree = "<group>";
		};
		566AF06122A6FF72003DE1CF /* Products */ = {
			isa = PBXGroup;
			children = (
				566AF06022A6FF72003DE1CF /* CKContinuum.app */,
			);
			name = Products;
			sourceTree = "<group>";
		};
		566AF06222A6FF72003DE1CF /* CKContinuum */ = {
			isa = PBXGroup;
			children = (
				566AF07522A6FF7F003DE1CF /* CKContinuum.entitlements */,
				566AF07A22A6FFCE003DE1CF /* Resources */,
				566AF07B22A6FFDA003DE1CF /* Storyboards */,
			);
			path = CKContinuum;
			sourceTree = "<group>";
		};
		566AF07622A6FF81003DE1CF /* Frameworks */ = {
			isa = PBXGroup;
			children = (
				566AF07722A6FF81003DE1CF /* CloudKit.framework */,
			);
			name = Frameworks;
			sourceTree = "<group>";
		};
		566AF07A22A6FFCE003DE1CF /* Resources */ = {
			isa = PBXGroup;
			children = (
				566AF06322A6FF72003DE1CF /* AppDelegate.swift */,
				566AF06A22A6FF73003DE1CF /* Assets.xcassets */,
				566AF06F22A6FF73003DE1CF /* Info.plist */,
			);
			path = Resources;
			sourceTree = "<group>";
		};
		566AF07B22A6FFDA003DE1CF /* Storyboards */ = {
			isa = PBXGroup;
			children = (
				566AF06722A6FF72003DE1CF /* Main.storyboard */,
				566AF06C22A6FF73003DE1CF /* LaunchScreen.storyboard */,
			);
			path = Storyboards;
			sourceTree = "<group>";
		};
/* End PBXGroup section */

/* Begin PBXNativeTarget section */
		566AF05F22A6FF72003DE1CF /* CKContinuum */ = {
			isa = PBXNativeTarget;
			buildConfigurationList = 566AF07222A6FF73003DE1CF /* Build configuration list for PBXNativeTarget "CKContinuum" */;
			buildPhases = (
				566AF05C22A6FF72003DE1CF /* Sources */,
				566AF05D22A6FF72003DE1CF /* Frameworks */,
				566AF05E22A6FF72003DE1CF /* Resources */,
			);
			buildRules = (
			);
			dependencies = (
			);
			name = CKContinuum;
			productName = CKContinuum;
			productReference = 566AF06022A6FF72003DE1CF /* CKContinuum.app */;
			productType = "com.apple.product-type.application";
		};
/* End PBXNativeTarget section */

/* Begin PBXProject section */
		566AF05822A6FF72003DE1CF /* Project object */ = {
			isa = PBXProject;
			attributes = {
				LastSwiftUpdateCheck = 1020;
				LastUpgradeCheck = 1020;
				ORGANIZATIONNAME = "Brian Daniel";
				TargetAttributes = {
					566AF05F22A6FF72003DE1CF = {
						CreatedOnToolsVersion = 10.2.1;
						SystemCapabilities = {
							com.apple.Push = {
								enabled = 1;
							};
							com.apple.iCloud = {
								enabled = 1;
							};
						};
					};
				};
			};
			buildConfigurationList = 566AF05B22A6FF72003DE1CF /* Build configuration list for PBXProject "CKContinuum" */;
			compatibilityVersion = "Xcode 9.3";
			developmentRegion = en;
			hasScannedForEncodings = 0;
			knownRegions = (
				en,
				Base,
			);
			mainGroup = 566AF05722A6FF72003DE1CF;
			productRefGroup = 566AF06122A6FF72003DE1CF /* Products */;
			projectDirPath = "";
			projectRoot = "";
			targets = (
				566AF05F22A6FF72003DE1CF /* CKContinuum */,
			);
		};
/* End PBXProject section */

/* Begin PBXResourcesBuildPhase section */
		566AF05E22A6FF72003DE1CF /* Resources */ = {
			isa = PBXResourcesBuildPhase;
			buildActionMask = 2147483647;
			files = (
				566AF06E22A6FF73003DE1CF /* LaunchScreen.storyboard in Resources */,
				566AF06B22A6FF73003DE1CF /* Assets.xcassets in Resources */,
				566AF06922A6FF72003DE1CF /* Main.storyboard in Resources */,
			);
			runOnlyForDeploymentPostprocessing = 0;
		};
/* End PBXResourcesBuildPhase section */

/* Begin PBXSourcesBuildPhase section */
		566AF05C22A6FF72003DE1CF /* Sources */ = {
			isa = PBXSourcesBuildPhase;
			buildActionMask = 2147483647;
			files = (
				566AF06422A6FF72003DE1CF /* AppDelegate.swift in Sources */,
			);
			runOnlyForDeploymentPostprocessing = 0;
		};
/* End PBXSourcesBuildPhase section */

/* Begin PBXVariantGroup section */
		566AF06722A6FF72003DE1CF /* Main.storyboard */ = {
			isa = PBXVariantGroup;
			children = (
				566AF06822A6FF72003DE1CF /* Base */,
			);
			name = Main.storyboard;
			sourceTree = "<group>";
		};
		566AF06C22A6FF73003DE1CF /* LaunchScreen.storyboard */ = {
			isa = PBXVariantGroup;
			children = (
				566AF06D22A6FF73003DE1CF /* Base */,
			);
			name = LaunchScreen.storyboard;
			sourceTree = "<group>";
		};
/* End PBXVariantGroup section */

/* Begin XCBuildConfiguration section */
		566AF07022A6FF73003DE1CF /* Debug */ = {
			isa = XCBuildConfiguration;
			buildSettings = {
				ALWAYS_SEARCH_USER_PATHS = NO;
				CLANG_ANALYZER_NONNULL = YES;
				CLANG_ANALYZER_NUMBER_OBJECT_CONVERSION = YES_AGGRESSIVE;
				CLANG_CXX_LANGUAGE_STANDARD = "gnu++14";
				CLANG_CXX_LIBRARY = "libc++";
				CLANG_ENABLE_MODULES = YES;
				CLANG_ENABLE_OBJC_ARC = YES;
				CLANG_ENABLE_OBJC_WEAK = YES;
				CLANG_WARN_BLOCK_CAPTURE_AUTORELEASING = YES;
				CLANG_WARN_BOOL_CONVERSION = YES;
				CLANG_WARN_COMMA = YES;
				CLANG_WARN_CONSTANT_CONVERSION = YES;
				CLANG_WARN_DEPRECATED_OBJC_IMPLEMENTATIONS = YES;
				CLANG_WARN_DIRECT_OBJC_ISA_USAGE = YES_ERROR;
				CLANG_WARN_DOCUMENTATION_COMMENTS = YES;
				CLANG_WARN_EMPTY_BODY = YES;
				CLANG_WARN_ENUM_CONVERSION = YES;
				CLANG_WARN_INFINITE_RECURSION = YES;
				CLANG_WARN_INT_CONVERSION = YES;
				CLANG_WARN_NON_LITERAL_NULL_CONVERSION = YES;
				CLANG_WARN_OBJC_IMPLICIT_RETAIN_SELF = YES;
				CLANG_WARN_OBJC_LITERAL_CONVERSION = YES;
				CLANG_WARN_OBJC_ROOT_CLASS = YES_ERROR;
				CLANG_WARN_RANGE_LOOP_ANALYSIS = YES;
				CLANG_WARN_STRICT_PROTOTYPES = YES;
				CLANG_WARN_SUSPICIOUS_MOVE = YES;
				CLANG_WARN_UNGUARDED_AVAILABILITY = YES_AGGRESSIVE;
				CLANG_WARN_UNREACHABLE_CODE = YES;
				CLANG_WARN__DUPLICATE_METHOD_MATCH = YES;
				CODE_SIGN_IDENTITY = "iPhone Developer";
				COPY_PHASE_STRIP = NO;
				DEBUG_INFORMATION_FORMAT = dwarf;
				ENABLE_STRICT_OBJC_MSGSEND = YES;
				ENABLE_TESTABILITY = YES;
				GCC_C_LANGUAGE_STANDARD = gnu11;
				GCC_DYNAMIC_NO_PIC = NO;
				GCC_NO_COMMON_BLOCKS = YES;
				GCC_OPTIMIZATION_LEVEL = 0;
				GCC_PREPROCESSOR_DEFINITIONS = (
					"DEBUG=1",
					"$(inherited)",
				);
				GCC_WARN_64_TO_32_BIT_CONVERSION = YES;
				GCC_WARN_ABOUT_RETURN_TYPE = YES_ERROR;
				GCC_WARN_UNDECLARED_SELECTOR = YES;
				GCC_WARN_UNINITIALIZED_AUTOS = YES_AGGRESSIVE;
				GCC_WARN_UNUSED_FUNCTION = YES;
				GCC_WARN_UNUSED_VARIABLE = YES;
				IPHONEOS_DEPLOYMENT_TARGET = 12.2;
				MTL_ENABLE_DEBUG_INFO = INCLUDE_SOURCE;
				MTL_FAST_MATH = YES;
				ONLY_ACTIVE_ARCH = YES;
				SDKROOT = iphoneos;
				SWIFT_ACTIVE_COMPILATION_CONDITIONS = DEBUG;
				SWIFT_OPTIMIZATION_LEVEL = "-Onone";
			};
			name = Debug;
		};
		566AF07122A6FF73003DE1CF /* Release */ = {
			isa = XCBuildConfiguration;
			buildSettings = {
				ALWAYS_SEARCH_USER_PATHS = NO;
				CLANG_ANALYZER_NONNULL = YES;
				CLANG_ANALYZER_NUMBER_OBJECT_CONVERSION = YES_AGGRESSIVE;
				CLANG_CXX_LANGUAGE_STANDARD = "gnu++14";
				CLANG_CXX_LIBRARY = "libc++";
				CLANG_ENABLE_MODULES = YES;
				CLANG_ENABLE_OBJC_ARC = YES;
				CLANG_ENABLE_OBJC_WEAK = YES;
				CLANG_WARN_BLOCK_CAPTURE_AUTORELEASING = YES;
				CLANG_WARN_BOOL_CONVERSION = YES;
				CLANG_WARN_COMMA = YES;
				CLANG_WARN_CONSTANT_CONVERSION = YES;
				CLANG_WARN_DEPRECATED_OBJC_IMPLEMENTATIONS = YES;
				CLANG_WARN_DIRECT_OBJC_ISA_USAGE = YES_ERROR;
				CLANG_WARN_DOCUMENTATION_COMMENTS = YES;
				CLANG_WARN_EMPTY_BODY = YES;
				CLANG_WARN_ENUM_CONVERSION = YES;
				CLANG_WARN_INFINITE_RECURSION = YES;
				CLANG_WARN_INT_CONVERSION = YES;
				CLANG_WARN_NON_LITERAL_NULL_CONVERSION = YES;
				CLANG_WARN_OBJC_IMPLICIT_RETAIN_SELF = YES;
				CLANG_WARN_OBJC_LITERAL_CONVERSION = YES;
				CLANG_WARN_OBJC_ROOT_CLASS = YES_ERROR;
				CLANG_WARN_RANGE_LOOP_ANALYSIS = YES;
				CLANG_WARN_STRICT_PROTOTYPES = YES;
				CLANG_WARN_SUSPICIOUS_MOVE = YES;
				CLANG_WARN_UNGUARDED_AVAILABILITY = YES_AGGRESSIVE;
				CLANG_WARN_UNREACHABLE_CODE = YES;
				CLANG_WARN__DUPLICATE_METHOD_MATCH = YES;
				CODE_SIGN_IDENTITY = "iPhone Developer";
				COPY_PHASE_STRIP = NO;
				DEBUG_INFORMATION_FORMAT = "dwarf-with-dsym";
				ENABLE_NS_ASSERTIONS = NO;
				ENABLE_STRICT_OBJC_MSGSEND = YES;
				GCC_C_LANGUAGE_STANDARD = gnu11;
				GCC_NO_COMMON_BLOCKS = YES;
				GCC_WARN_64_TO_32_BIT_CONVERSION = YES;
				GCC_WARN_ABOUT_RETURN_TYPE = YES_ERROR;
				GCC_WARN_UNDECLARED_SELECTOR = YES;
				GCC_WARN_UNINITIALIZED_AUTOS = YES_AGGRESSIVE;
				GCC_WARN_UNUSED_FUNCTION = YES;
				GCC_WARN_UNUSED_VARIABLE = YES;
				IPHONEOS_DEPLOYMENT_TARGET = 12.2;
				MTL_ENABLE_DEBUG_INFO = NO;
				MTL_FAST_MATH = YES;
				SDKROOT = iphoneos;
				SWIFT_COMPILATION_MODE = wholemodule;
				SWIFT_OPTIMIZATION_LEVEL = "-O";
				VALIDATE_PRODUCT = YES;
			};
			name = Release;
		};
		566AF07322A6FF73003DE1CF /* Debug */ = {
			isa = XCBuildConfiguration;
			buildSettings = {
				ASSETCATALOG_COMPILER_APPICON_NAME = AppIcon;
				CODE_SIGN_ENTITLEMENTS = CKContinuum/CKContinuum.entitlements;
				CODE_SIGN_STYLE = Automatic;
				DEVELOPMENT_TEAM = 2F9Q94NNH5;
				INFOPLIST_FILE = "$(SRCROOT)/CKContinuum/Resources/Info.plist";
				LD_RUNPATH_SEARCH_PATHS = (
					"$(inherited)",
					"@executable_path/Frameworks",
				);
				PRODUCT_BUNDLE_IDENTIFIER = com.briandaniel.CKContinuum;
				PRODUCT_NAME = "$(TARGET_NAME)";
				SWIFT_VERSION = 5.0;
				TARGETED_DEVICE_FAMILY = "1,2";
			};
			name = Debug;
		};
		566AF07422A6FF73003DE1CF /* Release */ = {
			isa = XCBuildConfiguration;
			buildSettings = {
				ASSETCATALOG_COMPILER_APPICON_NAME = AppIcon;
				CODE_SIGN_ENTITLEMENTS = CKContinuum/CKContinuum.entitlements;
				CODE_SIGN_STYLE = Automatic;
				DEVELOPMENT_TEAM = 2F9Q94NNH5;
				INFOPLIST_FILE = "$(SRCROOT)/CKContinuum/Resources/Info.plist";
				LD_RUNPATH_SEARCH_PATHS = (
					"$(inherited)",
					"@executable_path/Frameworks",
				);
				PRODUCT_BUNDLE_IDENTIFIER = com.briandaniel.CKContinuum;
				PRODUCT_NAME = "$(TARGET_NAME)";
				SWIFT_VERSION = 5.0;
				TARGETED_DEVICE_FAMILY = "1,2";
			};
			name = Release;
		};
/* End XCBuildConfiguration section */

/* Begin XCConfigurationList section */
		566AF05B22A6FF72003DE1CF /* Build configuration list for PBXProject "CKContinuum" */ = {
			isa = XCConfigurationList;
			buildConfigurations = (
				566AF07022A6FF73003DE1CF /* Debug */,
				566AF07122A6FF73003DE1CF /* Release */,
			);
			defaultConfigurationIsVisible = 0;
			defaultConfigurationName = Release;
		};
		566AF07222A6FF73003DE1CF /* Build configuration list for PBXNativeTarget "CKContinuum" */ = {
			isa = XCConfigurationList;
			buildConfigurations = (
				566AF07322A6FF73003DE1CF /* Debug */,
				566AF07422A6FF73003DE1CF /* Release */,
			);
			defaultConfigurationIsVisible = 0;
			defaultConfigurationName = Release;
		};
/* End XCConfigurationList section */
	};
	rootObject = 566AF05822A6FF72003DE1CF /* Project object */;
}
